// !$*UTF8*$!
{
	archiveVersion = 1;
	classes = {
	};
	objectVersion = 46;
	objects = {

/* Begin PBXBuildFile section */
		1B4C91F21A16197400F70EAB /* CoreData.framework in Frameworks */ = {isa = PBXBuildFile; fileRef = 1B4C91F11A16197400F70EAB /* CoreData.framework */; };
		1B4C91F41A1619A700F70EAB /* libiOSHierarchyViewer.a in Frameworks */ = {isa = PBXBuildFile; fileRef = 1B4C91F31A1619A700F70EAB /* libiOSHierarchyViewer.a */; };
		1B9F2A7C1A14445D003BA8BF /* NextViewController.m in Sources */ = {isa = PBXBuildFile; fileRef = 1B9F2A7B1A14445D003BA8BF /* NextViewController.m */; };
		1BADF1961A0B52D8009F5A72 /* Foundation.framework in Frameworks */ = {isa = PBXBuildFile; fileRef = 1BADF1951A0B52D8009F5A72 /* Foundation.framework */; };
		1BADF1981A0B52D8009F5A72 /* CoreGraphics.framework in Frameworks */ = {isa = PBXBuildFile; fileRef = 1BADF1971A0B52D8009F5A72 /* CoreGraphics.framework */; };
		1BADF19A1A0B52D8009F5A72 /* UIKit.framework in Frameworks */ = {isa = PBXBuildFile; fileRef = 1BADF1991A0B52D8009F5A72 /* UIKit.framework */; };
		1BADF1A01A0B52D8009F5A72 /* InfoPlist.strings in Resources */ = {isa = PBXBuildFile; fileRef = 1BADF19E1A0B52D8009F5A72 /* InfoPlist.strings */; };
		1BADF1A21A0B52D8009F5A72 /* main.m in Sources */ = {isa = PBXBuildFile; fileRef = 1BADF1A11A0B52D8009F5A72 /* main.m */; };
		1BADF1A61A0B52D8009F5A72 /* LWCAppDelegate.m in Sources */ = {isa = PBXBuildFile; fileRef = 1BADF1A51A0B52D8009F5A72 /* LWCAppDelegate.m */; };
		1BADF1A81A0B52D8009F5A72 /* Images.xcassets in Resources */ = {isa = PBXBuildFile; fileRef = 1BADF1A71A0B52D8009F5A72 /* Images.xcassets */; };
		1BADF1AF1A0B52D8009F5A72 /* XCTest.framework in Frameworks */ = {isa = PBXBuildFile; fileRef = 1BADF1AE1A0B52D8009F5A72 /* XCTest.framework */; };
		1BADF1B01A0B52D8009F5A72 /* Foundation.framework in Frameworks */ = {isa = PBXBuildFile; fileRef = 1BADF1951A0B52D8009F5A72 /* Foundation.framework */; };
		1BADF1B11A0B52D8009F5A72 /* UIKit.framework in Frameworks */ = {isa = PBXBuildFile; fileRef = 1BADF1991A0B52D8009F5A72 /* UIKit.framework */; };
		1BADF1B91A0B52D8009F5A72 /* InfoPlist.strings in Resources */ = {isa = PBXBuildFile; fileRef = 1BADF1B71A0B52D8009F5A72 /* InfoPlist.strings */; };
		1BADF1BB1A0B52D8009F5A72 /* cocoapodsTests.m in Sources */ = {isa = PBXBuildFile; fileRef = 1BADF1BA1A0B52D8009F5A72 /* cocoapodsTests.m */; };
		1BADF1C61A0B53B8009F5A72 /* LWCViewController.m in Sources */ = {isa = PBXBuildFile; fileRef = 1BADF1C51A0B53B8009F5A72 /* LWCViewController.m */; };
		1BADF1FD1A0B6A14009F5A72 /* libPods.a in Frameworks */ = {isa = PBXBuildFile; fileRef = 1BADF1FC1A0B6A14009F5A72 /* libPods.a */; };
/* End PBXBuildFile section */

/* Begin PBXContainerItemProxy section */
		1B4C91F61A161AD800F70EAB /* PBXContainerItemProxy */ = {
			isa = PBXContainerItemProxy;
			containerPortal = 1B4C91BA1A16100700F70EAB /* iOSHierarchyViewer.xcodeproj */;
			proxyType = 2;
			remoteGlobalIDString = 7C861E34153DF2E000935C95;
			remoteInfo = iOSHierarchyViewer;
		};
		1BADF1B21A0B52D8009F5A72 /* PBXContainerItemProxy */ = {
			isa = PBXContainerItemProxy;
			containerPortal = 1BADF18A1A0B52D7009F5A72 /* Project object */;
			proxyType = 1;
			remoteGlobalIDString = 1BADF1911A0B52D7009F5A72;
			remoteInfo = cocoapods;
		};
/* End PBXContainerItemProxy section */

/* Begin PBXFileReference section */
		1B4C91BA1A16100700F70EAB /* iOSHierarchyViewer.xcodeproj */ = {isa = PBXFileReference; lastKnownFileType = "wrapper.pb-project"; name = iOSHierarchyViewer.xcodeproj; path = "iOS-Hierarchy-Viewer-master/iOSHierarchyViewer.xcodeproj"; sourceTree = "<group>"; };
		1B4C91F11A16197400F70EAB /* CoreData.framework */ = {isa = PBXFileReference; lastKnownFileType = wrapper.framework; name = CoreData.framework; path = System/Library/Frameworks/CoreData.framework; sourceTree = SDKROOT; };
		1B4C91F31A1619A700F70EAB /* libiOSHierarchyViewer.a */ = {isa = PBXFileReference; lastKnownFileType = archive.ar; name = libiOSHierarchyViewer.a; path = "../../../Library/Developer/Xcode/DerivedData/cocoapods-cdrpcjkxzxonarcdckbjzpoyjyys/Build/Products/Debug-iphoneos/libiOSHierarchyViewer.a"; sourceTree = "<group>"; };
		1B9F2A7A1A14445D003BA8BF /* NextViewController.h */ = {isa = PBXFileReference; fileEncoding = 4; lastKnownFileType = sourcecode.c.h; path = NextViewController.h; sourceTree = "<group>"; };
		1B9F2A7B1A14445D003BA8BF /* NextViewController.m */ = {isa = PBXFileReference; fileEncoding = 4; lastKnownFileType = sourcecode.c.objc; path = NextViewController.m; sourceTree = "<group>"; };
		1B9F2A7D1A144C0B003BA8BF /* Debug.h */ = {isa = PBXFileReference; lastKnownFileType = sourcecode.c.h; path = Debug.h; sourceTree = "<group>"; };
		1BADF1921A0B52D8009F5A72 /* cocoapods.app */ = {isa = PBXFileReference; explicitFileType = wrapper.application; includeInIndex = 0; path = cocoapods.app; sourceTree = BUILT_PRODUCTS_DIR; };
		1BADF1951A0B52D8009F5A72 /* Foundation.framework */ = {isa = PBXFileReference; lastKnownFileType = wrapper.framework; name = Foundation.framework; path = System/Library/Frameworks/Foundation.framework; sourceTree = SDKROOT; };
		1BADF1971A0B52D8009F5A72 /* CoreGraphics.framework */ = {isa = PBXFileReference; lastKnownFileType = wrapper.framework; name = CoreGraphics.framework; path = System/Library/Frameworks/CoreGraphics.framework; sourceTree = SDKROOT; };
		1BADF1991A0B52D8009F5A72 /* UIKit.framework */ = {isa = PBXFileReference; lastKnownFileType = wrapper.framework; name = UIKit.framework; path = System/Library/Frameworks/UIKit.framework; sourceTree = SDKROOT; };
		1BADF19D1A0B52D8009F5A72 /* cocoapods-Info.plist */ = {isa = PBXFileReference; lastKnownFileType = text.plist.xml; path = "cocoapods-Info.plist"; sourceTree = "<group>"; };
		1BADF19F1A0B52D8009F5A72 /* en */ = {isa = PBXFileReference; lastKnownFileType = text.plist.strings; name = en; path = en.lproj/InfoPlist.strings; sourceTree = "<group>"; };
		1BADF1A11A0B52D8009F5A72 /* main.m */ = {isa = PBXFileReference; lastKnownFileType = sourcecode.c.objc; path = main.m; sourceTree = "<group>"; };
		1BADF1A31A0B52D8009F5A72 /* cocoapods-Prefix.pch */ = {isa = PBXFileReference; lastKnownFileType = sourcecode.c.h; path = "cocoapods-Prefix.pch"; sourceTree = "<group>"; };
		1BADF1A41A0B52D8009F5A72 /* LWCAppDelegate.h */ = {isa = PBXFileReference; lastKnownFileType = sourcecode.c.h; path = LWCAppDelegate.h; sourceTree = "<group>"; };
		1BADF1A51A0B52D8009F5A72 /* LWCAppDelegate.m */ = {isa = PBXFileReference; lastKnownFileType = sourcecode.c.objc; path = LWCAppDelegate.m; sourceTree = "<group>"; };
		1BADF1A71A0B52D8009F5A72 /* Images.xcassets */ = {isa = PBXFileReference; lastKnownFileType = folder.assetcatalog; path = Images.xcassets; sourceTree = "<group>"; };
		1BADF1AD1A0B52D8009F5A72 /* cocoapodsTests.xctest */ = {isa = PBXFileReference; explicitFileType = wrapper.cfbundle; includeInIndex = 0; path = cocoapodsTests.xctest; sourceTree = BUILT_PRODUCTS_DIR; };
		1BADF1AE1A0B52D8009F5A72 /* XCTest.framework */ = {isa = PBXFileReference; lastKnownFileType = wrapper.framework; name = XCTest.framework; path = Library/Frameworks/XCTest.framework; sourceTree = DEVELOPER_DIR; };
		1BADF1B61A0B52D8009F5A72 /* cocoapodsTests-Info.plist */ = {isa = PBXFileReference; lastKnownFileType = text.plist.xml; path = "cocoapodsTests-Info.plist"; sourceTree = "<group>"; };
		1BADF1B81A0B52D8009F5A72 /* en */ = {isa = PBXFileReference; lastKnownFileType = text.plist.strings; name = en; path = en.lproj/InfoPlist.strings; sourceTree = "<group>"; };
		1BADF1BA1A0B52D8009F5A72 /* cocoapodsTests.m */ = {isa = PBXFileReference; lastKnownFileType = sourcecode.c.objc; path = cocoapodsTests.m; sourceTree = "<group>"; };
		1BADF1C41A0B53B8009F5A72 /* LWCViewController.h */ = {isa = PBXFileReference; fileEncoding = 4; lastKnownFileType = sourcecode.c.h; path = LWCViewController.h; sourceTree = "<group>"; };
		1BADF1C51A0B53B8009F5A72 /* LWCViewController.m */ = {isa = PBXFileReference; fileEncoding = 4; lastKnownFileType = sourcecode.c.objc; path = LWCViewController.m; sourceTree = "<group>"; };
		1BADF1FC1A0B6A14009F5A72 /* libPods.a */ = {isa = PBXFileReference; lastKnownFileType = archive.ar; name = libPods.a; path = "../../../Library/Developer/Xcode/DerivedData/cocoapods-cdrpcjkxzxonarcdckbjzpoyjyys/Build/Products/Debug-iphoneos/libPods.a"; sourceTree = "<group>"; };
		D0AF7C552BDD3130F7D878E8 /* Pods.release.xcconfig */ = {isa = PBXFileReference; includeInIndex = 1; lastKnownFileType = text.xcconfig; name = Pods.release.xcconfig; path = "Pods/Target Support Files/Pods/Pods.release.xcconfig"; sourceTree = "<group>"; };
		DF483B1EBD49BC3288BAFA97 /* Pods.debug.xcconfig */ = {isa = PBXFileReference; includeInIndex = 1; lastKnownFileType = text.xcconfig; name = Pods.debug.xcconfig; path = "Pods/Target Support Files/Pods/Pods.debug.xcconfig"; sourceTree = "<group>"; };
/* End PBXFileReference section */

/* Begin PBXFrameworksBuildPhase section */
		1BADF18F1A0B52D7009F5A72 /* Frameworks */ = {
			isa = PBXFrameworksBuildPhase;
			buildActionMask = 2147483647;
			files = (
				1B4C91F21A16197400F70EAB /* CoreData.framework in Frameworks */,
				1B4C91F41A1619A700F70EAB /* libiOSHierarchyViewer.a in Frameworks */,
				1BADF1981A0B52D8009F5A72 /* CoreGraphics.framework in Frameworks */,
				1BADF1FD1A0B6A14009F5A72 /* libPods.a in Frameworks */,
				1BADF19A1A0B52D8009F5A72 /* UIKit.framework in Frameworks */,
				1BADF1961A0B52D8009F5A72 /* Foundation.framework in Frameworks */,
			);
			runOnlyForDeploymentPostprocessing = 0;
		};
		1BADF1AA1A0B52D8009F5A72 /* Frameworks */ = {
			isa = PBXFrameworksBuildPhase;
			buildActionMask = 2147483647;
			files = (
				1BADF1AF1A0B52D8009F5A72 /* XCTest.framework in Frameworks */,
				1BADF1B11A0B52D8009F5A72 /* UIKit.framework in Frameworks */,
				1BADF1B01A0B52D8009F5A72 /* Foundation.framework in Frameworks */,
			);
			runOnlyForDeploymentPostprocessing = 0;
		};
/* End PBXFrameworksBuildPhase section */

/* Begin PBXGroup section */
		1B4C91BB1A16100700F70EAB /* Products */ = {
			isa = PBXGroup;
			children = (
				1B4C91F71A161AD800F70EAB /* libiOSHierarchyViewer.a */,
			);
			name = Products;
			sourceTree = "<group>";
		};
		1BADF1891A0B52D7009F5A72 = {
			isa = PBXGroup;
			children = (
				1BADF19B1A0B52D8009F5A72 /* cocoapods */,
				1BADF1B41A0B52D8009F5A72 /* cocoapodsTests */,
				1BADF1941A0B52D8009F5A72 /* Frameworks */,
				1BADF1931A0B52D8009F5A72 /* Products */,
				F565EF3CB34111A43508E505 /* Pods */,
			);
			sourceTree = "<group>";
		};
		1BADF1931A0B52D8009F5A72 /* Products */ = {
			isa = PBXGroup;
			children = (
				1BADF1921A0B52D8009F5A72 /* cocoapods.app */,
				1BADF1AD1A0B52D8009F5A72 /* cocoapodsTests.xctest */,
			);
			name = Products;
			sourceTree = "<group>";
		};
		1BADF1941A0B52D8009F5A72 /* Frameworks */ = {
			isa = PBXGroup;
			children = (
				1B4C91F11A16197400F70EAB /* CoreData.framework */,
				1B4C91BA1A16100700F70EAB /* iOSHierarchyViewer.xcodeproj */,
				1BADF1951A0B52D8009F5A72 /* Foundation.framework */,
				1BADF1971A0B52D8009F5A72 /* CoreGraphics.framework */,
				1BADF1991A0B52D8009F5A72 /* UIKit.framework */,
				1BADF1AE1A0B52D8009F5A72 /* XCTest.framework */,
				1BADF1FC1A0B6A14009F5A72 /* libPods.a */,
				1B4C91F31A1619A700F70EAB /* libiOSHierarchyViewer.a */,
			);
			name = Frameworks;
			sourceTree = "<group>";
		};
		1BADF19B1A0B52D8009F5A72 /* cocoapods */ = {
			isa = PBXGroup;
			children = (
				1BADF1A41A0B52D8009F5A72 /* LWCAppDelegate.h */,
				1BADF1A51A0B52D8009F5A72 /* LWCAppDelegate.m */,
				1BADF1C41A0B53B8009F5A72 /* LWCViewController.h */,
				1BADF1C51A0B53B8009F5A72 /* LWCViewController.m */,
				1B9F2A7A1A14445D003BA8BF /* NextViewController.h */,
				1B9F2A7B1A14445D003BA8BF /* NextViewController.m */,
				1BADF1A71A0B52D8009F5A72 /* Images.xcassets */,
				1BADF19C1A0B52D8009F5A72 /* Supporting Files */,
			);
			path = cocoapods;
			sourceTree = "<group>";
		};
		1BADF19C1A0B52D8009F5A72 /* Supporting Files */ = {
			isa = PBXGroup;
			children = (
				1BADF19D1A0B52D8009F5A72 /* cocoapods-Info.plist */,
				1BADF19E1A0B52D8009F5A72 /* InfoPlist.strings */,
				1BADF1A11A0B52D8009F5A72 /* main.m */,
				1BADF1A31A0B52D8009F5A72 /* cocoapods-Prefix.pch */,
				1B9F2A7D1A144C0B003BA8BF /* Debug.h */,
			);
			name = "Supporting Files";
			sourceTree = "<group>";
		};
		1BADF1B41A0B52D8009F5A72 /* cocoapodsTests */ = {
			isa = PBXGroup;
			children = (
				1BADF1BA1A0B52D8009F5A72 /* cocoapodsTests.m */,
				1BADF1B51A0B52D8009F5A72 /* Supporting Files */,
			);
			path = cocoapodsTests;
			sourceTree = "<group>";
		};
		1BADF1B51A0B52D8009F5A72 /* Supporting Files */ = {
			isa = PBXGroup;
			children = (
				1BADF1B61A0B52D8009F5A72 /* cocoapodsTests-Info.plist */,
				1BADF1B71A0B52D8009F5A72 /* InfoPlist.strings */,
			);
			name = "Supporting Files";
			sourceTree = "<group>";
		};
		F565EF3CB34111A43508E505 /* Pods */ = {
			isa = PBXGroup;
			children = (
				DF483B1EBD49BC3288BAFA97 /* Pods.debug.xcconfig */,
				D0AF7C552BDD3130F7D878E8 /* Pods.release.xcconfig */,
			);
			name = Pods;
			sourceTree = "<group>";
		};
/* End PBXGroup section */

/* Begin PBXNativeTarget section */
		1BADF1911A0B52D7009F5A72 /* cocoapods */ = {
			isa = PBXNativeTarget;
			buildConfigurationList = 1BADF1BE1A0B52D8009F5A72 /* Build configuration list for PBXNativeTarget "cocoapods" */;
			buildPhases = (
				6E29B60E5D071977DFECA540 /* Check Pods Manifest.lock */,
				1BADF18E1A0B52D7009F5A72 /* Sources */,
				1BADF18F1A0B52D7009F5A72 /* Frameworks */,
				1BADF1901A0B52D7009F5A72 /* Resources */,
				F26044956154D5196E57745C /* Copy Pods Resources */,
			);
			buildRules = (
			);
			dependencies = (
			);
			name = cocoapods;
			productName = cocoapods;
			productReference = 1BADF1921A0B52D8009F5A72 /* cocoapods.app */;
			productType = "com.apple.product-type.application";
		};
		1BADF1AC1A0B52D8009F5A72 /* cocoapodsTests */ = {
			isa = PBXNativeTarget;
			buildConfigurationList = 1BADF1C11A0B52D8009F5A72 /* Build configuration list for PBXNativeTarget "cocoapodsTests" */;
			buildPhases = (
				1BADF1A91A0B52D8009F5A72 /* Sources */,
				1BADF1AA1A0B52D8009F5A72 /* Frameworks */,
				1BADF1AB1A0B52D8009F5A72 /* Resources */,
			);
			buildRules = (
			);
			dependencies = (
				1BADF1B31A0B52D8009F5A72 /* PBXTargetDependency */,
			);
			name = cocoapodsTests;
			productName = cocoapodsTests;
			productReference = 1BADF1AD1A0B52D8009F5A72 /* cocoapodsTests.xctest */;
			productType = "com.apple.product-type.bundle.unit-test";
		};
/* End PBXNativeTarget section */

/* Begin PBXProject section */
		1BADF18A1A0B52D7009F5A72 /* Project object */ = {
			isa = PBXProject;
			attributes = {
				CLASSPREFIX = LWC;
				LastUpgradeCheck = 0510;
				ORGANIZATIONNAME = LWC;
			};
			buildConfigurationList = 1BADF18D1A0B52D7009F5A72 /* Build configuration list for PBXProject "cocoapods" */;
			compatibilityVersion = "Xcode 3.2";
			developmentRegion = English;
			hasScannedForEncodings = 0;
			knownRegions = (
				en,
			);
			mainGroup = 1BADF1891A0B52D7009F5A72;
			productRefGroup = 1BADF1931A0B52D8009F5A72 /* Products */;
			projectDirPath = "";
			projectReferences = (
				{
					ProductGroup = 1B4C91BB1A16100700F70EAB /* Products */;
					ProjectRef = 1B4C91BA1A16100700F70EAB /* iOSHierarchyViewer.xcodeproj */;
				},
			);
			projectRoot = "";
			targets = (
				1BADF1911A0B52D7009F5A72 /* cocoapods */,
				1BADF1AC1A0B52D8009F5A72 /* cocoapodsTests */,
			);
		};
/* End PBXProject section */

/* Begin PBXReferenceProxy section */
		1B4C91F71A161AD800F70EAB /* libiOSHierarchyViewer.a */ = {
			isa = PBXReferenceProxy;
			fileType = archive.ar;
			path = libiOSHierarchyViewer.a;
			remoteRef = 1B4C91F61A161AD800F70EAB /* PBXContainerItemProxy */;
			sourceTree = BUILT_PRODUCTS_DIR;
		};
/* End PBXReferenceProxy section */

/* Begin PBXResourcesBuildPhase section */
		1BADF1901A0B52D7009F5A72 /* Resources */ = {
			isa = PBXResourcesBuildPhase;
			buildActionMask = 2147483647;
			files = (
				1BADF1A01A0B52D8009F5A72 /* InfoPlist.strings in Resources */,
				1BADF1A81A0B52D8009F5A72 /* Images.xcassets in Resources */,
			);
			runOnlyForDeploymentPostprocessing = 0;
		};
		1BADF1AB1A0B52D8009F5A72 /* Resources */ = {
			isa = PBXResourcesBuildPhase;
			buildActionMask = 2147483647;
			files = (
				1BADF1B91A0B52D8009F5A72 /* InfoPlist.strings in Resources */,
			);
			runOnlyForDeploymentPostprocessing = 0;
		};
/* End PBXResourcesBuildPhase section */

/* Begin PBXShellScriptBuildPhase section */
		6E29B60E5D071977DFECA540 /* Check Pods Manifest.lock */ = {
			isa = PBXShellScriptBuildPhase;
			buildActionMask = 2147483647;
			files = (
			);
			inputPaths = (
			);
			name = "Check Pods Manifest.lock";
			outputPaths = (
			);
			runOnlyForDeploymentPostprocessing = 0;
			shellPath = /bin/sh;
			shellScript = "diff \"${PODS_ROOT}/../Podfile.lock\" \"${PODS_ROOT}/Manifest.lock\" > /dev/null\nif [[ $? != 0 ]] ; then\n    cat << EOM\nerror: The sandbox is not in sync with the Podfile.lock. Run 'pod install' or update your CocoaPods installation.\nEOM\n    exit 1\nfi\n";
			showEnvVarsInLog = 0;
		};
		F26044956154D5196E57745C /* Copy Pods Resources */ = {
			isa = PBXShellScriptBuildPhase;
			buildActionMask = 2147483647;
			files = (
			);
			inputPaths = (
			);
			name = "Copy Pods Resources";
			outputPaths = (
			);
			runOnlyForDeploymentPostprocessing = 0;
			shellPath = /bin/sh;
			shellScript = "\"${SRCROOT}/Pods/Target Support Files/Pods/Pods-resources.sh\"\n";
			showEnvVarsInLog = 0;
		};
/* End PBXShellScriptBuildPhase section */

/* Begin PBXSourcesBuildPhase section */
		1BADF18E1A0B52D7009F5A72 /* Sources */ = {
			isa = PBXSourcesBuildPhase;
			buildActionMask = 2147483647;
			files = (
				1BADF1A21A0B52D8009F5A72 /* main.m in Sources */,
				1B9F2A7C1A14445D003BA8BF /* NextViewController.m in Sources */,
				1BADF1A61A0B52D8009F5A72 /* LWCAppDelegate.m in Sources */,
				1BADF1C61A0B53B8009F5A72 /* LWCViewController.m in Sources */,
			);
			runOnlyForDeploymentPostprocessing = 0;
		};
		1BADF1A91A0B52D8009F5A72 /* Sources */ = {
			isa = PBXSourcesBuildPhase;
			buildActionMask = 2147483647;
			files = (
				1BADF1BB1A0B52D8009F5A72 /* cocoapodsTests.m in Sources */,
			);
			runOnlyForDeploymentPostprocessing = 0;
		};
/* End PBXSourcesBuildPhase section */

/* Begin PBXTargetDependency section */
		1BADF1B31A0B52D8009F5A72 /* PBXTargetDependency */ = {
			isa = PBXTargetDependency;
			target = 1BADF1911A0B52D7009F5A72 /* cocoapods */;
			targetProxy = 1BADF1B21A0B52D8009F5A72 /* PBXContainerItemProxy */;
		};
/* End PBXTargetDependency section */

/* Begin PBXVariantGroup section */
		1BADF19E1A0B52D8009F5A72 /* InfoPlist.strings */ = {
			isa = PBXVariantGroup;
			children = (
				1BADF19F1A0B52D8009F5A72 /* en */,
			);
			name = InfoPlist.strings;
			sourceTree = "<group>";
		};
		1BADF1B71A0B52D8009F5A72 /* InfoPlist.strings */ = {
			isa = PBXVariantGroup;
			children = (
				1BADF1B81A0B52D8009F5A72 /* en */,
			);
			name = InfoPlist.strings;
			sourceTree = "<group>";
		};
/* End PBXVariantGroup section */

/* Begin XCBuildConfiguration section */
		1BADF1BC1A0B52D8009F5A72 /* Debug */ = {
			isa = XCBuildConfiguration;
			buildSettings = {
				ALWAYS_SEARCH_USER_PATHS = NO;
				CLANG_CXX_LANGUAGE_STANDARD = "gnu++0x";
				CLANG_CXX_LIBRARY = "libc++";
				CLANG_ENABLE_MODULES = YES;
				CLANG_ENABLE_OBJC_ARC = YES;
				CLANG_WARN_BOOL_CONVERSION = YES;
				CLANG_WARN_CONSTANT_CONVERSION = YES;
				CLANG_WARN_DIRECT_OBJC_ISA_USAGE = YES_ERROR;
				CLANG_WARN_EMPTY_BODY = YES;
				CLANG_WARN_ENUM_CONVERSION = YES;
				CLANG_WARN_INT_CONVERSION = YES;
				CLANG_WARN_OBJC_ROOT_CLASS = YES_ERROR;
				CLANG_WARN__DUPLICATE_METHOD_MATCH = YES;
				"CODE_SIGN_IDENTITY[sdk=iphoneos*]" = "";
				COPY_PHASE_STRIP = NO;
				GCC_C_LANGUAGE_STANDARD = gnu99;
				GCC_DYNAMIC_NO_PIC = NO;
				GCC_OPTIMIZATION_LEVEL = 0;
				GCC_PREPROCESSOR_DEFINITIONS = (
					"DEBUG=1",
					"$(inherited)",
				);
				GCC_SYMBOLS_PRIVATE_EXTERN = NO;
				GCC_WARN_64_TO_32_BIT_CONVERSION = YES;
				GCC_WARN_ABOUT_RETURN_TYPE = YES_ERROR;
				GCC_WARN_UNDECLARED_SELECTOR = YES;
				GCC_WARN_UNINITIALIZED_AUTOS = YES_AGGRESSIVE;
				GCC_WARN_UNUSED_FUNCTION = YES;
				GCC_WARN_UNUSED_VARIABLE = YES;
				HEADER_SEARCH_PATHS = (
					"$(inherited)",
					/Applications/Xcode.app/Contents/Developer/Toolchains/XcodeDefault.xctoolchain/usr/include,
					"$(SRCROOT)/iOS-Hierarchy-Viewer-master/iOSViewHierarchy",
				);
				IPHONEOS_DEPLOYMENT_TARGET = 6.0;
				ONLY_ACTIVE_ARCH = YES;
				OTHER_LDFLAGS = "-OBjC";
				SDKROOT = iphoneos;
				USER_HEADER_SEARCH_PATHS = "${PODS_ROOT}/**";
			};
			name = Debug;
		};
		1BADF1BD1A0B52D8009F5A72 /* Release */ = {
			isa = XCBuildConfiguration;
			buildSettings = {
				ALWAYS_SEARCH_USER_PATHS = NO;
				CLANG_CXX_LANGUAGE_STANDARD = "gnu++0x";
				CLANG_CXX_LIBRARY = "libc++";
				CLANG_ENABLE_MODULES = YES;
				CLANG_ENABLE_OBJC_ARC = YES;
				CLANG_WARN_BOOL_CONVERSION = YES;
				CLANG_WARN_CONSTANT_CONVERSION = YES;
				CLANG_WARN_DIRECT_OBJC_ISA_USAGE = YES_ERROR;
				CLANG_WARN_EMPTY_BODY = YES;
				CLANG_WARN_ENUM_CONVERSION = YES;
				CLANG_WARN_INT_CONVERSION = YES;
				CLANG_WARN_OBJC_ROOT_CLASS = YES_ERROR;
				CLANG_WARN__DUPLICATE_METHOD_MATCH = YES;
				"CODE_SIGN_IDENTITY[sdk=iphoneos*]" = "";
				COPY_PHASE_STRIP = YES;
				ENABLE_NS_ASSERTIONS = NO;
				GCC_C_LANGUAGE_STANDARD = gnu99;
				GCC_WARN_64_TO_32_BIT_CONVERSION = YES;
				GCC_WARN_ABOUT_RETURN_TYPE = YES_ERROR;
				GCC_WARN_UNDECLARED_SELECTOR = YES;
				GCC_WARN_UNINITIALIZED_AUTOS = YES_AGGRESSIVE;
				GCC_WARN_UNUSED_FUNCTION = YES;
				GCC_WARN_UNUSED_VARIABLE = YES;
				HEADER_SEARCH_PATHS = (
					"$(inherited)",
					/Applications/Xcode.app/Contents/Developer/Toolchains/XcodeDefault.xctoolchain/usr/include,
					"$(SRCROOT)/iOS-Hierarchy-Viewer-master/iOSViewHierarchy",
				);
				IPHONEOS_DEPLOYMENT_TARGET = 6.0;
				OTHER_LDFLAGS = "-OBjC";
				SDKROOT = iphoneos;
				USER_HEADER_SEARCH_PATHS = "${PODS_ROOT}/**";
				VALIDATE_PRODUCT = YES;
			};
			name = Release;
		};
		1BADF1BF1A0B52D8009F5A72 /* Debug */ = {
			isa = XCBuildConfiguration;
			baseConfigurationReference = DF483B1EBD49BC3288BAFA97 /* Pods.debug.xcconfig */;
			buildSettings = {
				ASSETCATALOG_COMPILER_APPICON_NAME = AppIcon;
				ASSETCATALOG_COMPILER_LAUNCHIMAGE_NAME = LaunchImage;
				CODE_SIGN_IDENTITY = "iPhone Developer: 伟超 李 (6MX6838A23)";
				GCC_PRECOMPILE_PREFIX_HEADER = YES;
				GCC_PREFIX_HEADER = "cocoapods/cocoapods-Prefix.pch";
				HEADER_SEARCH_PATHS = (
					"\"${PODS_ROOT}/Headers/Public\"",
					"\"${PODS_ROOT}/Headers/Public/ISDiskCache\"",
					"\"${PODS_ROOT}/Headers/Public/MKNetworkKit\"",
					"\"${PODS_ROOT}/Headers/Public/MKNetworkKit/Categories\"",
					"\"${PODS_ROOT}/Headers/Public/Reachability\"",
					"\"${PODS_ROOT}/Headers/Public/SDWebImage\"",
					"\"${PODS_ROOT}/Headers/Public/SIAlertView\"",
					"\"${PODS_ROOT}/Headers/Public/SVProgressHUD\"",
					"$(SRCROOT)/iOS-Hierarchy-Viewer-master/iOSViewHierarchy",
				);
				INFOPLIST_FILE = "cocoapods/cocoapods-Info.plist";
				IPHONEOS_DEPLOYMENT_TARGET = 6.0;
				LIBRARY_SEARCH_PATHS = (
					"$(inherited)",
					"$(USER_LIBRARY_DIR)/Developer/Xcode/DerivedData/cocoapods-cdrpcjkxzxonarcdckbjzpoyjyys/Build/Products/Debug-iphoneos",
				);
				PRODUCT_NAME = "$(TARGET_NAME)";
				WRAPPER_EXTENSION = app;
			};
			name = Debug;
		};
		1BADF1C01A0B52D8009F5A72 /* Release */ = {
			isa = XCBuildConfiguration;
			baseConfigurationReference = D0AF7C552BDD3130F7D878E8 /* Pods.release.xcconfig */;
			buildSettings = {
				ASSETCATALOG_COMPILER_APPICON_NAME = AppIcon;
				ASSETCATALOG_COMPILER_LAUNCHIMAGE_NAME = LaunchImage;
				CODE_SIGN_IDENTITY = "iPhone Developer: 伟超 李 (6MX6838A23)";
				GCC_PRECOMPILE_PREFIX_HEADER = YES;
				GCC_PREFIX_HEADER = "cocoapods/cocoapods-Prefix.pch";
				HEADER_SEARCH_PATHS = (
					"\"${PODS_ROOT}/Headers/Public\"",
					"\"${PODS_ROOT}/Headers/Public/ISDiskCache\"",
					"\"${PODS_ROOT}/Headers/Public/MKNetworkKit\"",
					"\"${PODS_ROOT}/Headers/Public/MKNetworkKit/Categories\"",
					"\"${PODS_ROOT}/Headers/Public/Reachability\"",
					"\"${PODS_ROOT}/Headers/Public/SDWebImage\"",
					"\"${PODS_ROOT}/Headers/Public/SIAlertView\"",
					"\"${PODS_ROOT}/Headers/Public/SVProgressHUD\"",
					"$(SRCROOT)/iOS-Hierarchy-Viewer-master/iOSViewHierarchy",
				);
				INFOPLIST_FILE = "cocoapods/cocoapods-Info.plist";
				IPHONEOS_DEPLOYMENT_TARGET = 6.0;
				LIBRARY_SEARCH_PATHS = (
					"$(inherited)",
					"$(USER_LIBRARY_DIR)/Developer/Xcode/DerivedData/cocoapods-cdrpcjkxzxonarcdckbjzpoyjyys/Build/Products/Debug-iphoneos",
				);
				PRODUCT_NAME = "$(TARGET_NAME)";
				WRAPPER_EXTENSION = app;
			};
			name = Release;
		};
		1BADF1C21A0B52D8009F5A72 /* Debug */ = {
			isa = XCBuildConfiguration;
			buildSettings = {
				FRAMEWORK_SEARCH_PATHS = (
					"$(SDKROOT)/Developer/Library/Frameworks",
					"$(DEVELOPER_FRAMEWORKS_DIR)",
				);
				GCC_PRECOMPILE_PREFIX_HEADER = YES;
				GCC_PREFIX_HEADER = "cocoapods/cocoapods-Prefix.pch";
				GCC_PREPROCESSOR_DEFINITIONS = (
					"DEBUG=1",
					"$(inherited)",
				);
				INFOPLIST_FILE = "cocoapodsTests/cocoapodsTests-Info.plist";
				PRODUCT_NAME = "$(TARGET_NAME)";
				WRAPPER_EXTENSION = xctest;
			};
			name = Debug;
		};
		1BADF1C31A0B52D8009F5A72 /* Release */ = {
			isa = XCBuildConfiguration;
			buildSettings = {
				FRAMEWORK_SEARCH_PATHS = (
					"$(SDKROOT)/Developer/Library/Frameworks",
					"$(DEVELOPER_FRAMEWORKS_DIR)",
				);
				GCC_PRECOMPILE_PREFIX_HEADER = YES;
				GCC_PREFIX_HEADER = "cocoapods/cocoapods-Prefix.pch";
				INFOPLIST_FILE = "cocoapodsTests/cocoapodsTests-Info.plist";
				PRODUCT_NAME = "$(TARGET_NAME)";
				WRAPPER_EXTENSION = xctest;
			};
			name = Release;
		};
/* End XCBuildConfiguration section */

/* Begin XCConfigurationList section */
		1BADF18D1A0B52D7009F5A72 /* Build configuration list for PBXProject "cocoapods" */ = {
			isa = XCConfigurationList;
			buildConfigurations = (
				1BADF1BC1A0B52D8009F5A72 /* Debug */,
				1BADF1BD1A0B52D8009F5A72 /* Release */,
			);
			defaultConfigurationIsVisible = 0;
			defaultConfigurationName = Release;
		};
		1BADF1BE1A0B52D8009F5A72 /* Build configuration list for PBXNativeTarget "cocoapods" */ = {
			isa = XCConfigurationList;
			buildConfigurations = (
				1BADF1BF1A0B52D8009F5A72 /* Debug */,
				1BADF1C01A0B52D8009F5A72 /* Release */,
			);
			defaultConfigurationIsVisible = 0;
			defaultConfigurationName = Release;
		};
		1BADF1C11A0B52D8009F5A72 /* Build configuration list for PBXNativeTarget "cocoapodsTests" */ = {
			isa = XCConfigurationList;
			buildConfigurations = (
				1BADF1C21A0B52D8009F5A72 /* Debug */,
				1BADF1C31A0B52D8009F5A72 /* Release */,
			);
			defaultConfigurationIsVisible = 0;
			defaultConfigurationName = Release;
		};
/* End XCConfigurationList section */
	};
	rootObject = 1BADF18A1A0B52D7009F5A72 /* Project object */;
}
